
Microsoft Visual Studio Solution File, Format Version 12.00
# Visual Studio 15
VisualStudioVersion = 15.0.28307.1145
MinimumVisualStudioVersion = 10.0.40219.1
Project("{8BC9CEB8-8B4A-11D0-8D11-00A0C91BC942}") = "QtQQ", "QtQQ\QtQQ.vcxproj", "{016D00A3-B6FC-44A0-9CCA-F918B713B89F}"
EndProject
Global
	GlobalSection(SolutionConfigurationPlatforms) = preSolution
		Debug|x64 = Debug|x64
		Release|x64 = Release|x64
	EndGlobalSection
	GlobalSection(ProjectConfigurationPlatforms) = postSolution
		{016D00A3-B6FC-44A0-9CCA-F918B713B89F}.Debug|x64.ActiveCfg = Debug|x64
		{016D00A3-B6FC-44A0-9CCA-F918B713B89F}.Debug|x64.Build.0 = Debug|x64
		{016D00A3-B6FC-44A0-9CCA-F918B713B89F}.Release|x64.ActiveCfg = Release|x64
		{016D00A3-B6FC-44A0-9CCA-F918B713B89F}.Release|x64.Build.0 = Release|x64
	EndGlobalSection
	GlobalSection(SolutionProperties) = preSolution
		HideSolutionNode = FALSE
	EndGlobalSection
	GlobalSection(ExtensibilityGlobals) = postSolution
		SolutionGuid = {A3F7A021-C16F-4114-B0DD-459F63DA1A62}
	EndGlobalSection
EndGlobal
