<?xml version="1.0" encoding="utf-8"?>
<Project ToolsVersion="4.0" xmlns="http://schemas.microsoft.com/developer/msbuild/2003">
  <ItemGroup>
    <Filter Include="Header Files">
      <UniqueIdentifier>{93995380-89BD-4b04-88EB-625FBE52EBFB}</UniqueIdentifier>
      <Extensions>h;hh;hpp;hxx;hm;inl;inc;xsd</Extensions>
    </Filter>
    <Filter Include="Resource Files">
      <UniqueIdentifier>{D9D6E242-F8AF-46E4-B9FD-80ECBC20BA3E}</UniqueIdentifier>
      <Extensions>qrc;*</Extensions>
      <ParseFiles>false</ParseFiles>
    </Filter>
    <Filter Include="Form Files">
      <UniqueIdentifier>{99349809-55BA-4b9d-BF79-8FDBB0286EB3}</UniqueIdentifier>
      <Extensions>ui</Extensions>
    </Filter>
    <Filter Include="Resource Files">
      <UniqueIdentifier>{D9D6E242-F8AF-46E4-B9FD-80ECBC20BA3E}</UniqueIdentifier>
      <Extensions>qrc;*</Extensions>
      <ParseFiles>false</ParseFiles>
    </Filter>
    <Filter Include="Header Files\Source Files">
      <UniqueIdentifier>{4FC737F1-C7A5-4376-A066-2A32D752A2FF}</UniqueIdentifier>
      <Extensions>cpp;c;cc;cxx;def;odl;idl;hpj;bat;asm;asmx</Extensions>
    </Filter>
  </ItemGroup>
  <ItemGroup>
    <ClCompile Include="main.cpp">
      <Filter>Header Files\Source Files</Filter>
    </ClCompile>
    <ClCompile Include="CCMainWindow.cpp">
      <Filter>Header Files\Source Files</Filter>
    </ClCompile>
    <ClCompile Include="titlebar.cpp">
      <Filter>Header Files\Source Files</Filter>
    </ClCompile>
    <ClCompile Include="basicwindow.cpp">
      <Filter>Header Files\Source Files</Filter>
    </ClCompile>
    <ClCompile Include="notifymanager.cpp">
      <Filter>Header Files\Source Files</Filter>
    </ClCompile>
    <ClCompile Include="commonutils.cpp">
      <Filter>Header Files\Source Files</Filter>
    </ClCompile>
    <ClCompile Include="userlogin.cpp">
      <Filter>Header Files\Source Files</Filter>
    </ClCompile>
    <ClCompile Include="SkinWindow.cpp">
      <Filter>Header Files\Source Files</Filter>
    </ClCompile>
    <ClCompile Include="QClickLabel.cpp">
      <Filter>Header Files\Source Files</Filter>
    </ClCompile>
    <ClCompile Include="SysTray.cpp">
      <Filter>Header Files\Source Files</Filter>
    </ClCompile>
    <ClCompile Include="CustonMenu.cpp">
      <Filter>Header Files\Source Files</Filter>
    </ClCompile>
    <ClCompile Include="rootcontatitem.cpp">
      <Filter>Header Files\Source Files</Filter>
    </ClCompile>
    <ClCompile Include="contactitem.cpp">
      <Filter>Header Files\Source Files</Filter>
    </ClCompile>
    <ClCompile Include="talkwindowshell.cpp">
      <Filter>Header Files\Source Files</Filter>
    </ClCompile>
    <ClCompile Include="emotionwindow.cpp">
      <Filter>Header Files\Source Files</Filter>
    </ClCompile>
    <ClCompile Include="emotionlabelitem.cpp">
      <Filter>Header Files\Source Files</Filter>
    </ClCompile>
    <ClCompile Include="X64\DEBUG\MOC\MOC_EMOTIONWINDOW.CPP">
      <Filter>Header Files\Source Files</Filter>
    </ClCompile>
    <ClCompile Include="qtwidgetsclass.cpp">
      <Filter>Header Files\Source Files</Filter>
    </ClCompile>
    <ClCompile Include="talkwindowitem.cpp">
      <Filter>Header Files\Source Files</Filter>
    </ClCompile>
    <ClCompile Include="talkwindow.cpp">
      <Filter>Header Files\Source Files</Filter>
    </ClCompile>
    <ClCompile Include="windowmanager.cpp">
      <Filter>Header Files\Source Files</Filter>
    </ClCompile>
    <ClCompile Include="qmsgtextedit.cpp">
      <Filter>Header Files\Source Files</Filter>
    </ClCompile>
    <ClCompile Include="MsgWebView.cpp">
      <Filter>Header Files\Source Files</Filter>
    </ClCompile>
    <ClCompile Include="sendfile.cpp">
      <Filter>Header Files\Source Files</Filter>
    </ClCompile>
    <ClCompile Include="receivefile.cpp">
      <Filter>Header Files\Source Files</Filter>
    </ClCompile>
  </ItemGroup>
  <ItemGroup>
    <QtMoc Include="CCMainWindow.h">
      <Filter>Header Files</Filter>
    </QtMoc>
    <QtMoc Include="titlebar.h">
      <Filter>Header Files</Filter>
    </QtMoc>
    <QtMoc Include="basicwindow.h">
      <Filter>Header Files</Filter>
    </QtMoc>
    <QtMoc Include="notifymanager.h">
      <Filter>Header Files</Filter>
    </QtMoc>
    <QtMoc Include="userlogin.h">
      <Filter>Header Files</Filter>
    </QtMoc>
    <QtMoc Include="SkinWindow.h">
      <Filter>Header Files</Filter>
    </QtMoc>
    <QtMoc Include="QClickLabel.h">
      <Filter>Header Files</Filter>
    </QtMoc>
    <QtMoc Include="SysTray.h">
      <Filter>Header Files</Filter>
    </QtMoc>
    <QtMoc Include="CustonMenu.h">
      <Filter>Header Files</Filter>
    </QtMoc>
    <QtMoc Include="rootcontatitem.h">
      <Filter>Header Files</Filter>
    </QtMoc>
    <QtMoc Include="contactitem.h">
      <Filter>Header Files</Filter>
    </QtMoc>
    <QtMoc Include="talkwindowshell.h">
      <Filter>Header Files</Filter>
    </QtMoc>
    <QtMoc Include="emotionwindow.h">
      <Filter>Header Files</Filter>
    </QtMoc>
    <QtMoc Include="emotionlabelitem.h">
      <Filter>Header Files</Filter>
    </QtMoc>
    <QtMoc Include="qtwidgetsclass.h">
      <Filter>Header Files</Filter>
    </QtMoc>
    <QtMoc Include="talkwindowitem.h">
      <Filter>Header Files</Filter>
    </QtMoc>
    <QtMoc Include="talkwindow.h">
      <Filter>Header Files</Filter>
    </QtMoc>
    <QtMoc Include="windowmanager.h">
      <Filter>Header Files</Filter>
    </QtMoc>
    <QtMoc Include="qmsgtextedit.h">
      <Filter>Header Files</Filter>
    </QtMoc>
    <QtMoc Include="MsgWebView.h">
      <Filter>Header Files</Filter>
    </QtMoc>
    <QtMoc Include="sendfile.h">
      <Filter>Header Files</Filter>
    </QtMoc>
    <QtMoc Include="receivefile.h">
      <Filter>Header Files</Filter>
    </QtMoc>
  </ItemGroup>
  <ItemGroup>
    <QtUic Include="CCMainWindow.ui">
      <Filter>Form Files</Filter>
    </QtUic>
    <QtUic Include="userlogin.ui">
      <Filter>Form Files</Filter>
    </QtUic>
    <QtUic Include="SkinWindow.ui">
      <Filter>Form Files</Filter>
    </QtUic>
    <QtUic Include="contactitem.ui">
      <Filter>Form Files</Filter>
    </QtUic>
    <QtUic Include="talkwindowshell.ui">
      <Filter>Form Files</Filter>
    </QtUic>
    <QtUic Include="emotionwindow.ui">
      <Filter>Form Files</Filter>
    </QtUic>
    <QtUic Include="qtwidgetsclass.ui">
      <Filter>Form Files</Filter>
    </QtUic>
    <QtUic Include="talkwindowitem.ui">
      <Filter>Form Files</Filter>
    </QtUic>
    <QtUic Include="talkwindow.ui">
      <Filter>Form Files</Filter>
    </QtUic>
    <QtUic Include="sendfile.ui">
      <Filter>Form Files</Filter>
    </QtUic>
    <QtUic Include="receivefile.ui">
      <Filter>Form Files</Filter>
    </QtUic>
  </ItemGroup>
  <ItemGroup>
    <QtRcc Include="CCMainWindow.qrc">
      <Filter>Resource Files</Filter>
    </QtRcc>
  </ItemGroup>
  <ItemGroup>
    <ClInclude Include="commonutils.h">
      <Filter>Header Files</Filter>
    </ClInclude>
  </ItemGroup>
</Project>